
Microsoft Visual Studio Solution File, Format Version 12.00
# Visual Studio Version 17
VisualStudioVersion = 17.13.35825.156 d17.13
MinimumVisualStudioVersion = 10.0.40219.1
Project("{FAE04EC0-301F-11D3-BF4B-00C04F79EFBC}") = "Gyakorlo", "Gyakorlo\Gyakorlo.csproj", "{D0E2D6CA-34D4-4B34-BA0E-F84685160ECC}"
EndProject
Global
	GlobalSection(SolutionConfigurationPlatforms) = preSolution
		Debug|Any CPU = Debug|Any CPU
		Release|Any CPU = Release|Any CPU
	EndGlobalSection
	GlobalSection(ProjectConfigurationPlatforms) = postSolution
		{D0E2D6CA-34D4-4B34-BA0E-F84685160ECC}.Debug|Any CPU.ActiveCfg = Debug|Any CPU
		{D0E2D6CA-34D4-4B34-BA0E-F84685160ECC}.Debug|Any CPU.Build.0 = Debug|Any CPU
		{D0E2D6CA-34D4-4B34-BA0E-F84685160ECC}.Release|Any CPU.ActiveCfg = Release|Any CPU
		{D0E2D6CA-34D4-4B34-BA0E-F84685160ECC}.Release|Any CPU.Build.0 = Release|Any CPU
	EndGlobalSection
	GlobalSection(SolutionProperties) = preSolution
		HideSolutionNode = FALSE
	EndGlobalSection
	GlobalSection(ExtensibilityGlobals) = postSolution
		SolutionGuid = {128DEAFF-6C0F-4D30-BD77-0DB12D251821}
	EndGlobalSection
EndGlobal
